
Microsoft Visual Studio Solution File, Format Version 12.00
# Visual Studio Version 17
VisualStudioVersion = 17.0.31903.59
MinimumVisualStudioVersion = 10.0.40219.1
Project("{FAE04EC0-301F-11D3-BF4B-00C04F79EFBC}") = "Mailgo.Domain", "src\\Mailgo.Domain\\Mailgo.Domain.csproj", "{DDB32C62-4BD9-4A75-91D2-5566F5258E06}"
EndProject
Project("{FAE04EC0-301F-11D3-BF4B-00C04F79EFBC}") = "Mailgo.Api", "src\\Mailgo.Api\\Mailgo.Api.csproj", "{07078B44-906E-42CE-BDB3-7C3EB63CAC37}"
EndProject
Global
	GlobalSection(SolutionConfigurationPlatforms) = preSolution
		Debug|Any CPU = Debug|Any CPU
		Debug|x64 = Debug|x64
		Debug|x86 = Debug|x86
		Release|Any CPU = Release|Any CPU
		Release|x64 = Release|x64
		Release|x86 = Release|x86
	EndGlobalSection
	GlobalSection(ProjectConfigurationPlatforms) = postSolution
		{DDB32C62-4BD9-4A75-91D2-5566F5258E06}.Debug|Any CPU.ActiveCfg = Debug|Any CPU
		{DDB32C62-4BD9-4A75-91D2-5566F5258E06}.Debug|Any CPU.Build.0 = Debug|Any CPU
		{DDB32C62-4BD9-4A75-91D2-5566F5258E06}.Debug|x64.ActiveCfg = Debug|Any CPU
		{DDB32C62-4BD9-4A75-91D2-5566F5258E06}.Debug|x64.Build.0 = Debug|Any CPU
		{DDB32C62-4BD9-4A75-91D2-5566F5258E06}.Debug|x86.ActiveCfg = Debug|Any CPU
		{DDB32C62-4BD9-4A75-91D2-5566F5258E06}.Debug|x86.Build.0 = Debug|Any CPU
		{DDB32C62-4BD9-4A75-91D2-5566F5258E06}.Release|Any CPU.ActiveCfg = Release|Any CPU
		{DDB32C62-4BD9-4A75-91D2-5566F5258E06}.Release|Any CPU.Build.0 = Release|Any CPU
		{DDB32C62-4BD9-4A75-91D2-5566F5258E06}.Release|x64.ActiveCfg = Release|Any CPU
		{DDB32C62-4BD9-4A75-91D2-5566F5258E06}.Release|x64.Build.0 = Release|Any CPU
		{DDB32C62-4BD9-4A75-91D2-5566F5258E06}.Release|x86.ActiveCfg = Release|Any CPU
		{DDB32C62-4BD9-4A75-91D2-5566F5258E06}.Release|x86.Build.0 = Release|Any CPU
		{07078B44-906E-42CE-BDB3-7C3EB63CAC37}.Debug|Any CPU.ActiveCfg = Debug|Any CPU
		{07078B44-906E-42CE-BDB3-7C3EB63CAC37}.Debug|Any CPU.Build.0 = Debug|Any CPU
		{07078B44-906E-42CE-BDB3-7C3EB63CAC37}.Debug|x64.ActiveCfg = Debug|Any CPU
		{07078B44-906E-42CE-BDB3-7C3EB63CAC37}.Debug|x64.Build.0 = Debug|Any CPU
		{07078B44-906E-42CE-BDB3-7C3EB63CAC37}.Debug|x86.ActiveCfg = Debug|Any CPU
		{07078B44-906E-42CE-BDB3-7C3EB63CAC37}.Debug|x86.Build.0 = Debug|Any CPU
		{07078B44-906E-42CE-BDB3-7C3EB63CAC37}.Release|Any CPU.ActiveCfg = Release|Any CPU
		{07078B44-906E-42CE-BDB3-7C3EB63CAC37}.Release|Any CPU.Build.0 = Release|Any CPU
		{07078B44-906E-42CE-BDB3-7C3EB63CAC37}.Release|x64.ActiveCfg = Release|Any CPU
		{07078B44-906E-42CE-BDB3-7C3EB63CAC37}.Release|x64.Build.0 = Release|Any CPU
		{07078B44-906E-42CE-BDB3-7C3EB63CAC37}.Release|x86.ActiveCfg = Release|Any CPU
		{07078B44-906E-42CE-BDB3-7C3EB63CAC37}.Release|x86.Build.0 = Release|Any CPU
	EndGlobalSection
	GlobalSection(SolutionProperties) = preSolution
		HideSolutionNode = FALSE
	EndGlobalSection
EndGlobal
